
Microsoft Visual Studio Solution File, Format Version 12.00
# Visual Studio Version 17
VisualStudioVersion = 17.13.35818.85 d17.13
MinimumVisualStudioVersion = 10.0.40219.1
Project("{FAE04EC0-301F-11D3-BF4B-00C04F79EFBC}") = "BookHaven", "BookHaven\BookHaven.csproj", "{77FA3B9B-F503-4751-8D41-FF2E9A4C1D71}"
EndProject
Global
	GlobalSection(SolutionConfigurationPlatforms) = preSolution
		Debug|Any CPU = Debug|Any CPU
		Release|Any CPU = Release|Any CPU
	EndGlobalSection
	GlobalSection(ProjectConfigurationPlatforms) = postSolution
		{77FA3B9B-F503-4751-8D41-FF2E9A4C1D71}.Debug|Any CPU.ActiveCfg = Debug|Any CPU
		{77FA3B9B-F503-4751-8D41-FF2E9A4C1D71}.Debug|Any CPU.Build.0 = Debug|Any CPU
		{77FA3B9B-F503-4751-8D41-FF2E9A4C1D71}.Release|Any CPU.ActiveCfg = Release|Any CPU
		{77FA3B9B-F503-4751-8D41-FF2E9A4C1D71}.Release|Any CPU.Build.0 = Release|Any CPU
	EndGlobalSection
	GlobalSection(SolutionProperties) = preSolution
		HideSolutionNode = FALSE
	EndGlobalSection
	GlobalSection(ExtensibilityGlobals) = postSolution
		SolutionGuid = {80EF70FD-E0AE-4BF1-A86A-633928CA4019}
	EndGlobalSection
EndGlobal
